
Microsoft Visual Studio Solution File, Format Version 12.00
# Visual Studio Version 17
VisualStudioVersion = 17.8.34309.116
MinimumVisualStudioVersion = 10.0.40219.1
Project("{9A19103F-16F7-4668-BE54-9A1E7A4F7556}") = "m2PrimaryConstructorsSyntax", "m2PrimaryConstructorsSyntax\m2PrimaryConstructorsSyntax.csproj", "{876D6B25-B56C-464B-8EA1-16A678BF5E1A}"
EndProject
Project("{9A19103F-16F7-4668-BE54-9A1E7A4F7556}") = "m3CollectionExpressionsSpread", "m3CollectionExpressionsSpread\m3CollectionExpressionsSpread.csproj", "{5CC7AEB9-6120-40D7-BB48-45C0785C5BF2}"
EndProject
Global
	GlobalSection(SolutionConfigurationPlatforms) = preSolution
		Debug|Any CPU = Debug|Any CPU
		Release|Any CPU = Release|Any CPU
	EndGlobalSection
	GlobalSection(ProjectConfigurationPlatforms) = postSolution
		{876D6B25-B56C-464B-8EA1-16A678BF5E1A}.Debug|Any CPU.ActiveCfg = Debug|Any CPU
		{876D6B25-B56C-464B-8EA1-16A678BF5E1A}.Debug|Any CPU.Build.0 = Debug|Any CPU
		{876D6B25-B56C-464B-8EA1-16A678BF5E1A}.Release|Any CPU.ActiveCfg = Release|Any CPU
		{876D6B25-B56C-464B-8EA1-16A678BF5E1A}.Release|Any CPU.Build.0 = Release|Any CPU
		{5CC7AEB9-6120-40D7-BB48-45C0785C5BF2}.Debug|Any CPU.ActiveCfg = Debug|Any CPU
		{5CC7AEB9-6120-40D7-BB48-45C0785C5BF2}.Debug|Any CPU.Build.0 = Debug|Any CPU
		{5CC7AEB9-6120-40D7-BB48-45C0785C5BF2}.Release|Any CPU.ActiveCfg = Release|Any CPU
		{5CC7AEB9-6120-40D7-BB48-45C0785C5BF2}.Release|Any CPU.Build.0 = Release|Any CPU
	EndGlobalSection
	GlobalSection(SolutionProperties) = preSolution
		HideSolutionNode = FALSE
	EndGlobalSection
	GlobalSection(ExtensibilityGlobals) = postSolution
		SolutionGuid = {93BA9742-72A6-4D7A-B4C9-64856829EB1B}
	EndGlobalSection
EndGlobal
